Microsoft Visual Studio Solution File, Format Version 12.00
# Visual Studio Version 17
VisualStudioVersion = 17.0.32126.317
MinimumVisualStudioVersion = 10.0.40219.1
Project("{FAE04EC0-301F-11D3-BF4B-00C04F79EFBC}") = "MusicGame", "MusicGame.csproj", "{8D1F82C0-0B0C-4C5A-9B9B-000000000001}"
EndProject
Global
	GlobalSection(SolutionConfigurationPlatforms) = preSolution
		Debug|Any CPU = Debug|Any CPU
		Release|Any CPU = Release|Any CPU
	EndGlobalSection
	GlobalSection(ProjectConfigurationPlatforms) = postSolution
		{8D1F82C0-0B0C-4C5A-9B9B-000000000001}.Debug|Any CPU.ActiveCfg = Debug|Any CPU
		{8D1F82C0-0B0C-4C5A-9B9B-000000000001}.Debug|Any CPU.Build.0 = Debug|Any CPU
		{8D1F82C0-0B0C-4C5A-9B9B-000000000001}.Release|Any CPU.ActiveCfg = Release|Any CPU
		{8D1F82C0-0B0C-4C5A-9B9B-000000000001}.Release|Any CPU.Build.0 = Release|Any CPU
	EndGlobalSection
	GlobalSection(SolutionProperties) = preSolution
		HideSolutionNode = FALSE
	EndGlobalSection
	GlobalSection(ExtensibilityGlobals) = postSolution
		SolutionGuid = {A1B2C3D4-E5F6-G7H8-I9J0-K1L2M3N4O5P6}
	EndGlobalSection
EndGlobal